
Microsoft Visual Studio Solution File, Format Version 12.00
# Visual Studio Version 17
VisualStudioVersion = 17.2.32516.85
MinimumVisualStudioVersion = 10.0.40219.1
Project("{FAE04EC0-301F-11D3-BF4B-00C04F79EFBC}") = "C_Sharp_Problem_Solving_Questions", "C_Sharp_Problem_Solving_Questions\C_Sharp_Problem_Solving_Questions.csproj", "{3F93DF86-3E09-49BF-BAA4-A8623FA9EAFE}"
EndProject
Global
	GlobalSection(SolutionConfigurationPlatforms) = preSolution
		Debug|Any CPU = Debug|Any CPU
		Release|Any CPU = Release|Any CPU
	EndGlobalSection
	GlobalSection(ProjectConfigurationPlatforms) = postSolution
		{3F93DF86-3E09-49BF-BAA4-A8623FA9EAFE}.Debug|Any CPU.ActiveCfg = Debug|Any CPU
		{3F93DF86-3E09-49BF-BAA4-A8623FA9EAFE}.Debug|Any CPU.Build.0 = Debug|Any CPU
		{3F93DF86-3E09-49BF-BAA4-A8623FA9EAFE}.Release|Any CPU.ActiveCfg = Release|Any CPU
		{3F93DF86-3E09-49BF-BAA4-A8623FA9EAFE}.Release|Any CPU.Build.0 = Release|Any CPU
	EndGlobalSection
	GlobalSection(SolutionProperties) = preSolution
		HideSolutionNode = FALSE
	EndGlobalSection
	GlobalSection(ExtensibilityGlobals) = postSolution
		SolutionGuid = {DD81471C-54C5-4360-8166-7DB0A9869F12}
	EndGlobalSection
EndGlobal
